
Microsoft Visual Studio Solution File, Format Version 12.00
# Visual Studio Version 17
VisualStudioVersion = 17.10.35122.118
MinimumVisualStudioVersion = 10.0.40219.1
Project("{FAE04EC0-301F-11D3-BF4B-00C04F79EFBC}") = "sender", "sender\sender.csproj", "{58F0BEB6-E55A-4372-9A69-57CF096E031F}"
EndProject
Global
	GlobalSection(SolutionConfigurationPlatforms) = preSolution
		Debug|Any CPU = Debug|Any CPU
		Release|Any CPU = Release|Any CPU
	EndGlobalSection
	GlobalSection(ProjectConfigurationPlatforms) = postSolution
		{58F0BEB6-E55A-4372-9A69-57CF096E031F}.Debug|Any CPU.ActiveCfg = Debug|Any CPU
		{58F0BEB6-E55A-4372-9A69-57CF096E031F}.Debug|Any CPU.Build.0 = Debug|Any CPU
		{58F0BEB6-E55A-4372-9A69-57CF096E031F}.Release|Any CPU.ActiveCfg = Release|Any CPU
		{58F0BEB6-E55A-4372-9A69-57CF096E031F}.Release|Any CPU.Build.0 = Release|Any CPU
	EndGlobalSection
	GlobalSection(SolutionProperties) = preSolution
		HideSolutionNode = FALSE
	EndGlobalSection
	GlobalSection(ExtensibilityGlobals) = postSolution
		SolutionGuid = {06AE3859-BE0B-4B45-A3EF-EEA929839479}
	EndGlobalSection
EndGlobal
