
Microsoft Visual Studio Solution File, Format Version 12.00
# Visual Studio Version 17
VisualStudioVersion = 17.10.35122.118
MinimumVisualStudioVersion = 10.0.40219.1
Project("{FAE04EC0-301F-11D3-BF4B-00C04F79EFBC}") = "receiver", "receiver\receiver.csproj", "{AADFE7CF-18AB-4452-B1F2-4F174A74D9A6}"
EndProject
Global
	GlobalSection(SolutionConfigurationPlatforms) = preSolution
		Debug|Any CPU = Debug|Any CPU
		Release|Any CPU = Release|Any CPU
	EndGlobalSection
	GlobalSection(ProjectConfigurationPlatforms) = postSolution
		{AADFE7CF-18AB-4452-B1F2-4F174A74D9A6}.Debug|Any CPU.ActiveCfg = Debug|Any CPU
		{AADFE7CF-18AB-4452-B1F2-4F174A74D9A6}.Debug|Any CPU.Build.0 = Debug|Any CPU
		{AADFE7CF-18AB-4452-B1F2-4F174A74D9A6}.Release|Any CPU.ActiveCfg = Release|Any CPU
		{AADFE7CF-18AB-4452-B1F2-4F174A74D9A6}.Release|Any CPU.Build.0 = Release|Any CPU
	EndGlobalSection
	GlobalSection(SolutionProperties) = preSolution
		HideSolutionNode = FALSE
	EndGlobalSection
	GlobalSection(ExtensibilityGlobals) = postSolution
		SolutionGuid = {B025DF82-6DA1-4ADF-9547-470F2D7FCA9F}
	EndGlobalSection
EndGlobal
